
Microsoft Visual Studio Solution File, Format Version 12.00
# Visual Studio Version 16
VisualStudioVersion = 16.0.31410.357
MinimumVisualStudioVersion = 10.0.40219.1
Project("{9A19103F-16F7-4668-BE54-9A1E7A4F7556}") = "FileReader", "FileReader\FileReader.csproj", "{34998A45-D63F-43F1-8410-7D17975A1BFD}"
EndProject
Global
	GlobalSection(SolutionConfigurationPlatforms) = preSolution
		Debug|Any CPU = Debug|Any CPU
		Debug|x86 = Debug|x86
		Release|Any CPU = Release|Any CPU
		Release|x86 = Release|x86
	EndGlobalSection
	GlobalSection(ProjectConfigurationPlatforms) = postSolution
		{34998A45-D63F-43F1-8410-7D17975A1BFD}.Debug|Any CPU.ActiveCfg = Debug|Any CPU
		{34998A45-D63F-43F1-8410-7D17975A1BFD}.Debug|Any CPU.Build.0 = Debug|Any CPU
		{34998A45-D63F-43F1-8410-7D17975A1BFD}.Debug|x86.ActiveCfg = Debug|x86
		{34998A45-D63F-43F1-8410-7D17975A1BFD}.Debug|x86.Build.0 = Debug|x86
		{34998A45-D63F-43F1-8410-7D17975A1BFD}.Release|Any CPU.ActiveCfg = Release|Any CPU
		{34998A45-D63F-43F1-8410-7D17975A1BFD}.Release|Any CPU.Build.0 = Release|Any CPU
		{34998A45-D63F-43F1-8410-7D17975A1BFD}.Release|x86.ActiveCfg = Release|x86
		{34998A45-D63F-43F1-8410-7D17975A1BFD}.Release|x86.Build.0 = Release|x86
	EndGlobalSection
	GlobalSection(SolutionProperties) = preSolution
		HideSolutionNode = FALSE
	EndGlobalSection
	GlobalSection(ExtensibilityGlobals) = postSolution
		SolutionGuid = {9E30D0A0-3BDA-4A5A-953C-C9089268D161}
	EndGlobalSection
EndGlobal
